
Microsoft Visual Studio Solution File, Format Version 12.00
# Visual Studio Version 17
VisualStudioVersion = 17.13.35931.197
MinimumVisualStudioVersion = 10.0.40219.1
Project("{2150E333-8FDC-42A3-9474-1A3956D46DE8}") = "Solution Items", "Solution Items", "{02EA681E-C7D8-13C7-8484-4AC65E1B71E8}"
	ProjectSection(SolutionItems) = preProject
		.gitattributes = .gitattributes
		.gitignore = .gitignore
		Directory.Build.props = Directory.Build.props
		Directory.Build.targets = Directory.Build.targets
	EndProjectSection
EndProject
Project("{FAE04EC0-301F-11D3-BF4B-00C04F79EFBC}") = "Utilities", "Utilities\Utilities.csproj", "{DD29BC01-3E6B-7E3C-8940-A61C0C42100C}"
EndProject
Project("{2150E333-8FDC-42A3-9474-1A3956D46DE8}") = "Supermarket Simulator", "Supermarket Simulator", "{EA4FEBC8-0176-433B-9CB9-0F67A433A2EA}"
EndProject
Project("{FAE04EC0-301F-11D3-BF4B-00C04F79EFBC}") = "NoMaxOrderLimit", "Supermarket Simulator\NoMaxOrderLimit\NoMaxOrderLimit.csproj", "{0DDCB399-078C-A7BD-F1EF-ADC6066B6823}"
EndProject
Project("{FAE04EC0-301F-11D3-BF4B-00C04F79EFBC}") = "UnlimitedRestockers", "Supermarket Simulator\UnlimitedRestockers\UnlimitedRestockers.csproj", "{F22FDC0F-72E3-53AF-30A7-5C9C97572029}"
EndProject
Global
	GlobalSection(SolutionConfigurationPlatforms) = preSolution
		Debug|Any CPU = Debug|Any CPU
		Release|Any CPU = Release|Any CPU
	EndGlobalSection
	GlobalSection(ProjectConfigurationPlatforms) = postSolution
		{DD29BC01-3E6B-7E3C-8940-A61C0C42100C}.Debug|Any CPU.ActiveCfg = Debug|Any CPU
		{DD29BC01-3E6B-7E3C-8940-A61C0C42100C}.Debug|Any CPU.Build.0 = Debug|Any CPU
		{DD29BC01-3E6B-7E3C-8940-A61C0C42100C}.Release|Any CPU.ActiveCfg = Release|Any CPU
		{DD29BC01-3E6B-7E3C-8940-A61C0C42100C}.Release|Any CPU.Build.0 = Release|Any CPU
		{0DDCB399-078C-A7BD-F1EF-ADC6066B6823}.Debug|Any CPU.ActiveCfg = Debug|Any CPU
		{0DDCB399-078C-A7BD-F1EF-ADC6066B6823}.Debug|Any CPU.Build.0 = Debug|Any CPU
		{0DDCB399-078C-A7BD-F1EF-ADC6066B6823}.Release|Any CPU.ActiveCfg = Release|Any CPU
		{0DDCB399-078C-A7BD-F1EF-ADC6066B6823}.Release|Any CPU.Build.0 = Release|Any CPU
		{F22FDC0F-72E3-53AF-30A7-5C9C97572029}.Debug|Any CPU.ActiveCfg = Debug|Any CPU
		{F22FDC0F-72E3-53AF-30A7-5C9C97572029}.Debug|Any CPU.Build.0 = Debug|Any CPU
		{F22FDC0F-72E3-53AF-30A7-5C9C97572029}.Release|Any CPU.ActiveCfg = Release|Any CPU
		{F22FDC0F-72E3-53AF-30A7-5C9C97572029}.Release|Any CPU.Build.0 = Release|Any CPU
	EndGlobalSection
	GlobalSection(SolutionProperties) = preSolution
		HideSolutionNode = FALSE
	EndGlobalSection
	GlobalSection(NestedProjects) = preSolution
		{0DDCB399-078C-A7BD-F1EF-ADC6066B6823} = {EA4FEBC8-0176-433B-9CB9-0F67A433A2EA}
		{F22FDC0F-72E3-53AF-30A7-5C9C97572029} = {EA4FEBC8-0176-433B-9CB9-0F67A433A2EA}
	EndGlobalSection
	GlobalSection(ExtensibilityGlobals) = postSolution
		SolutionGuid = {3A24550C-E9F6-45FE-83AE-AAC5C894B44D}
	EndGlobalSection
EndGlobal
